
Microsoft Visual Studio Solution File, Format Version 12.00
# Visual Studio Version 16
VisualStudioVersion = 16.0.29209.62
MinimumVisualStudioVersion = 10.0.40219.1
Project("{9A19103F-16F7-4668-BE54-9A1E7A4F7556}") = "BasicExample", "BasicExample\BasicExample.csproj", "{765B0ABC-82A2-4748-B8D9-18FABDF9DE1F}"
EndProject
Project("{9A19103F-16F7-4668-BE54-9A1E7A4F7556}") = "OpenBLAS.NET", "OpenBLAS.NET\OpenBLAS.NET.csproj", "{F713B8C5-6B79-47B9-BDEB-D7AE7A331C82}"
EndProject
Global
	GlobalSection(SolutionConfigurationPlatforms) = preSolution
		Debug|Any CPU = Debug|Any CPU
		Release|Any CPU = Release|Any CPU
	EndGlobalSection
	GlobalSection(ProjectConfigurationPlatforms) = postSolution
		{765B0ABC-82A2-4748-B8D9-18FABDF9DE1F}.Debug|Any CPU.ActiveCfg = Debug|Any CPU
		{765B0ABC-82A2-4748-B8D9-18FABDF9DE1F}.Debug|Any CPU.Build.0 = Debug|Any CPU
		{765B0ABC-82A2-4748-B8D9-18FABDF9DE1F}.Release|Any CPU.ActiveCfg = Release|Any CPU
		{765B0ABC-82A2-4748-B8D9-18FABDF9DE1F}.Release|Any CPU.Build.0 = Release|Any CPU
		{F713B8C5-6B79-47B9-BDEB-D7AE7A331C82}.Debug|Any CPU.ActiveCfg = Debug|Any CPU
		{F713B8C5-6B79-47B9-BDEB-D7AE7A331C82}.Debug|Any CPU.Build.0 = Debug|Any CPU
		{F713B8C5-6B79-47B9-BDEB-D7AE7A331C82}.Release|Any CPU.ActiveCfg = Release|Any CPU
		{F713B8C5-6B79-47B9-BDEB-D7AE7A331C82}.Release|Any CPU.Build.0 = Release|Any CPU
	EndGlobalSection
	GlobalSection(SolutionProperties) = preSolution
		HideSolutionNode = FALSE
	EndGlobalSection
	GlobalSection(ExtensibilityGlobals) = postSolution
		SolutionGuid = {9BFE8C37-C514-4041-AF58-7C38B8BBF955}
	EndGlobalSection
EndGlobal
