
Microsoft Visual Studio Solution File, Format Version 12.00
# Visual Studio 15
VisualStudioVersion = 15.0.28307.489
MinimumVisualStudioVersion = 10.0.40219.1
Project("{9A19103F-16F7-4668-BE54-9A1E7A4F7556}") = "OpenBLAS.NET", "OpenBLAS.CSharp\OpenBLAS.NET.csproj", "{1637DBFA-CB34-4851-8A4C-8AFE6201343D}"
EndProject
Project("{FAE04EC0-301F-11D3-BF4B-00C04F79EFBC}") = "BasicExample", "BasicExample\BasicExample.csproj", "{765B0ABC-82A2-4748-B8D9-18FABDF9DE1F}"
EndProject
Global
	GlobalSection(SolutionConfigurationPlatforms) = preSolution
		Debug|Any CPU = Debug|Any CPU
		Release|Any CPU = Release|Any CPU
	EndGlobalSection
	GlobalSection(ProjectConfigurationPlatforms) = postSolution
		{1637DBFA-CB34-4851-8A4C-8AFE6201343D}.Debug|Any CPU.ActiveCfg = Debug|Any CPU
		{1637DBFA-CB34-4851-8A4C-8AFE6201343D}.Debug|Any CPU.Build.0 = Debug|Any CPU
		{1637DBFA-CB34-4851-8A4C-8AFE6201343D}.Release|Any CPU.ActiveCfg = Release|Any CPU
		{1637DBFA-CB34-4851-8A4C-8AFE6201343D}.Release|Any CPU.Build.0 = Release|Any CPU
		{765B0ABC-82A2-4748-B8D9-18FABDF9DE1F}.Debug|Any CPU.ActiveCfg = Debug|Any CPU
		{765B0ABC-82A2-4748-B8D9-18FABDF9DE1F}.Debug|Any CPU.Build.0 = Debug|Any CPU
		{765B0ABC-82A2-4748-B8D9-18FABDF9DE1F}.Release|Any CPU.ActiveCfg = Release|Any CPU
		{765B0ABC-82A2-4748-B8D9-18FABDF9DE1F}.Release|Any CPU.Build.0 = Release|Any CPU
	EndGlobalSection
	GlobalSection(SolutionProperties) = preSolution
		HideSolutionNode = FALSE
	EndGlobalSection
	GlobalSection(ExtensibilityGlobals) = postSolution
		SolutionGuid = {9BFE8C37-C514-4041-AF58-7C38B8BBF955}
	EndGlobalSection
EndGlobal
